
Microsoft Visual Studio Solution File, Format Version 12.00
# Visual Studio Version 17
VisualStudioVersion = 17.9.34902.65
MinimumVisualStudioVersion = 10.0.40219.1
Project("{FAE04EC0-301F-11D3-BF4B-00C04F79EFBC}") = "ApiBiblioteca", "ApiBiblioteca\ApiBiblioteca.csproj", "{EE95D407-1127-468E-B7B2-1C9B7F90E0EE}"
EndProject
Global
	GlobalSection(SolutionConfigurationPlatforms) = preSolution
		Debug|Any CPU = Debug|Any CPU
		Release|Any CPU = Release|Any CPU
	EndGlobalSection
	GlobalSection(ProjectConfigurationPlatforms) = postSolution
		{EE95D407-1127-468E-B7B2-1C9B7F90E0EE}.Debug|Any CPU.ActiveCfg = Debug|Any CPU
		{EE95D407-1127-468E-B7B2-1C9B7F90E0EE}.Debug|Any CPU.Build.0 = Debug|Any CPU
		{EE95D407-1127-468E-B7B2-1C9B7F90E0EE}.Release|Any CPU.ActiveCfg = Release|Any CPU
		{EE95D407-1127-468E-B7B2-1C9B7F90E0EE}.Release|Any CPU.Build.0 = Release|Any CPU
	EndGlobalSection
	GlobalSection(SolutionProperties) = preSolution
		HideSolutionNode = FALSE
	EndGlobalSection
	GlobalSection(ExtensibilityGlobals) = postSolution
		SolutionGuid = {FF6EEB5B-8A7D-4EF0-B062-9304E19B3A00}
	EndGlobalSection
EndGlobal
